{
  "name": "La cajita",
  "lockfileVersion": 3,
  "requires": true,
  "packages": {
    "": {
      "dependencies": {
        "@sentry/react": "^9.39.0",
        "dotenv": "^17.2.1",
        "node-fetch": "^2.7.0"
      }
    },
    "node_modules/@sentry-internal/browser-utils": {
      "version": "9.39.0",
      "resolved": "https://registry.npmjs.org/@sentry-internal/browser-utils/-/browser-utils-9.39.0.tgz",
      "integrity": "sha512-f1qUAftQ/aMTJHJDCG9jDJIwLEkSVZ6xWGn2xQMj7PfD1uuYlTy3KHn+wPy1VlPJTZQ44WclTPnY2U/OBIPmsg==",
      "license": "MIT",
      "dependencies": {
        "@sentry/core": "9.39.0"
      },
      "engines": {
        "node": ">=18"
      }
    },
    "node_modules/@sentry-internal/feedback": {
      "version": "9.39.0",
      "resolved": "https://registry.npmjs.org/@sentry-internal/feedback/-/feedback-9.39.0.tgz",
      "integrity": "sha512-IvD2LDKFderPn6pXN6N8cFJWWIXUADys9WRtfh1CK8DIuU1fXYi61tO23Z+sCsvXReQgr/mdJg5dHa0qY/vDww==",
      "license": "MIT",
      "dependencies": {
        "@sentry/core": "9.39.0"
      },
      "engines": {
        "node": ">=18"
      }
    },
    "node_modules/@sentry-internal/replay": {
      "version": "9.39.0",
      "resolved": "https://registry.npmjs.org/@sentry-internal/replay/-/replay-9.39.0.tgz",
      "integrity": "sha512-6mweqQtfcVG2+FEPjmgjrpCThgs9bR2cmQM2Ew/SlINj8ETq5P/7Z3rdIp+Zs7LArXFIJUA7KX9ZW+noVPI8Gg==",
      "license": "MIT",
      "dependencies": {
        "@sentry-internal/browser-utils": "9.39.0",
        "@sentry/core": "9.39.0"
      },
      "engines": {
        "node": ">=18"
      }
    },
    "node_modules/@sentry-internal/replay-canvas": {
      "version": "9.39.0",
      "resolved": "https://registry.npmjs.org/@sentry-internal/replay-canvas/-/replay-canvas-9.39.0.tgz",
      "integrity": "sha512-rTw0WZuAwzo36/hXRSuftu7e3qtwXc+bSs1q7M+w7Tb98aoOyXs3GlnYmgP6q3t2v/h7zoIiQcfjnPqo6+DVtQ==",
      "license": "MIT",
      "dependencies": {
        "@sentry-internal/replay": "9.39.0",
        "@sentry/core": "9.39.0"
      },
      "engines": {
        "node": ">=18"
      }
    },
    "node_modules/@sentry/browser": {
      "version": "9.39.0",
      "resolved": "https://registry.npmjs.org/@sentry/browser/-/browser-9.39.0.tgz",
      "integrity": "sha512-RZ4Zp22ohFLwkR3y6pmSWDrPVP7ErX0ClNOh2Kal3TNWlOGb4WPBPaWj2tiOvc4n/l6EDYaFvQ0Hh8RhesB98A==",
      "license": "MIT",
      "dependencies": {
        "@sentry-internal/browser-utils": "9.39.0",
        "@sentry-internal/feedback": "9.39.0",
        "@sentry-internal/replay": "9.39.0",
        "@sentry-internal/replay-canvas": "9.39.0",
        "@sentry/core": "9.39.0"
      },
      "engines": {
        "node": ">=18"
      }
    },
    "node_modules/@sentry/core": {
      "version": "9.39.0",
      "resolved": "https://registry.npmjs.org/@sentry/core/-/core-9.39.0.tgz",
      "integrity": "sha512-9Z32C64rUGEI0ROxXXOtpJDaldPYtkzOQyGzToVgq5LefXkdgQInd8BhCt6PIBALfj7n25lLOYllTrHlboFJug==",
      "license": "MIT",
      "engines": {
        "node": ">=18"
      }
    },
    "node_modules/@sentry/react": {
      "version": "9.39.0",
      "resolved": "https://registry.npmjs.org/@sentry/react/-/react-9.39.0.tgz",
      "integrity": "sha512-oSc0ReVM9ZCJqDs7IDS//hVg+29SynmnufBUpDKETXiq2+1B6UXcVM2Vq2pIJHD03v1UMalTp2HIb6S3NROUUQ==",
      "license": "MIT",
      "dependencies": {
        "@sentry/browser": "9.39.0",
        "@sentry/core": "9.39.0",
        "hoist-non-react-statics": "^3.3.2"
      },
      "engines": {
        "node": ">=18"
      },
      "peerDependencies": {
        "react": "^16.14.0 || 17.x || 18.x || 19.x"
      }
    },
    "node_modules/dotenv": {
      "version": "17.2.1",
      "resolved": "https://registry.npmjs.org/dotenv/-/dotenv-17.2.1.tgz",
      "integrity": "sha512-kQhDYKZecqnM0fCnzI5eIv5L4cAe/iRI+HqMbO/hbRdTAeXDG+M9FjipUxNfbARuEg4iHIbhnhs78BCHNbSxEQ==",
      "license": "BSD-2-Clause",
      "engines": {
        "node": ">=12"
      },
      "funding": {
        "url": "https://dotenvx.com"
      }
    },
    "node_modules/hoist-non-react-statics": {
      "version": "3.3.2",
      "resolved": "https://registry.npmjs.org/hoist-non-react-statics/-/hoist-non-react-statics-3.3.2.tgz",
      "integrity": "sha512-/gGivxi8JPKWNm/W0jSmzcMPpfpPLc3dY/6GxhX2hQ9iGj3aDfklV4ET7NjKpSinLpJ5vafa9iiGIEZg10SfBw==",
      "license": "BSD-3-Clause",
      "dependencies": {
        "react-is": "^16.7.0"
      }
    },
    "node_modules/node-fetch": {
      "version": "2.7.0",
      "resolved": "https://registry.npmjs.org/node-fetch/-/node-fetch-2.7.0.tgz",
      "integrity": "sha512-c4FRfUm/dbcWZ7U+1Wq0AwCyFL+3nt2bEw05wfxSz+DWpWsitgmSgYmy2dQdWyKC1694ELPqMs/YzUSNozLt8A==",
      "license": "MIT",
      "dependencies": {
        "whatwg-url": "^5.0.0"
      },
      "engines": {
        "node": "4.x || >=6.0.0"
      },
      "peerDependencies": {
        "encoding": "^0.1.0"
      },
      "peerDependenciesMeta": {
        "encoding": {
          "optional": true
        }
      }
    },
    "node_modules/react": {
      "version": "19.1.0",
      "resolved": "https://registry.npmjs.org/react/-/react-19.1.0.tgz",
      "integrity": "sha512-FS+XFBNvn3GTAWq26joslQgWNoFu08F4kl0J4CgdNKADkdSGXQyTCnKteIAJy96Br6YbpEU1LSzV5dYtjMkMDg==",
      "license": "MIT",
      "peer": true,
      "engines": {
        "node": ">=0.10.0"
      }
    },
    "node_modules/react-is": {
      "version": "16.13.1",
      "resolved": "https://registry.npmjs.org/react-is/-/react-is-16.13.1.tgz",
      "integrity": "sha512-24e6ynE2H+OKt4kqsOvNd8kBpV65zoxbA4BVsEOB3ARVWQki/DHzaUoC5KuON/BiccDaCCTZBuOcfZs70kR8bQ==",
      "license": "MIT"
    },
    "node_modules/tr46": {
      "version": "0.0.3",
      "resolved": "https://registry.npmjs.org/tr46/-/tr46-0.0.3.tgz",
      "integrity": "sha512-N3WMsuqV66lT30CrXNbEjx4GEwlow3v6rr4mCcv6prnfwhS01rkgyFdjPNBYd9br7LpXV1+Emh01fHnq2Gdgrw==",
      "license": "MIT"
    },
    "node_modules/webidl-conversions": {
      "version": "3.0.1",
      "resolved": "https://registry.npmjs.org/webidl-conversions/-/webidl-conversions-3.0.1.tgz",
      "integrity": "sha512-2JAn3z8AR6rjK8Sm8orRC0h/bcl/DqL7tRPdGZ4I1CjdF+EaMLmYxBHyXuKL849eucPFhvBoxMsflfOb8kxaeQ==",
      "license": "BSD-2-Clause"
    },
    "node_modules/whatwg-url": {
      "version": "5.0.0",
      "resolved": "https://registry.npmjs.org/whatwg-url/-/whatwg-url-5.0.0.tgz",
      "integrity": "sha512-saE57nupxk6v3HY35+jzBwYa0rKSy0XR8JSxZPwgLr7ys0IBzhGviA1/TUGJLmSVqs8pb9AnvICXEuOHLprYTw==",
      "license": "MIT",
      "dependencies": {
        "tr46": "~0.0.3",
        "webidl-conversions": "^3.0.0"
      }
    }
  }
}
